// !$*UTF8*$!
{
	archiveVersion = 1;
	classes = {
	};
	objectVersion = 55;
	objects = {

/* Begin PBXBuildFile section */
		40161FDE288020CC00172E7E /* AppDelegate.swift in Sources */ = {isa = PBXBuildFile; fileRef = 40161FDD288020CC00172E7E /* AppDelegate.swift */; };
		40161FE0288020CC00172E7E /* SceneDelegate.swift in Sources */ = {isa = PBXBuildFile; fileRef = 40161FDF288020CC00172E7E /* SceneDelegate.swift */; };
		40161FE2288020CC00172E7E /* SearchViewController.swift in Sources */ = {isa = PBXBuildFile; fileRef = 40161FE1288020CC00172E7E /* SearchViewController.swift */; };
		40161FE5288020CC00172E7E /* Main.storyboard in Resources */ = {isa = PBXBuildFile; fileRef = 40161FE3288020CC00172E7E /* Main.storyboard */; };
		40161FE7288020CE00172E7E /* Assets.xcassets in Resources */ = {isa = PBXBuildFile; fileRef = 40161FE6288020CE00172E7E /* Assets.xcassets */; };
		40161FEA288020CE00172E7E /* LaunchScreen.storyboard in Resources */ = {isa = PBXBuildFile; fileRef = 40161FE8288020CE00172E7E /* LaunchScreen.storyboard */; };
		40161FF528806EB800172E7E /* Drink.swift in Sources */ = {isa = PBXBuildFile; fileRef = 40161FF428806EB800172E7E /* Drink.swift */; };
		4016200B2880907B00172E7E /* DrinkListViewController.swift in Sources */ = {isa = PBXBuildFile; fileRef = 4016200A2880907B00172E7E /* DrinkListViewController.swift */; };
		4016201728819D5F00172E7E /* NetworkManager.swift in Sources */ = {isa = PBXBuildFile; fileRef = 4016201628819D5F00172E7E /* NetworkManager.swift */; };
		4050AE4F2885ABCC0037782F /* DrinkCell.swift in Sources */ = {isa = PBXBuildFile; fileRef = 4050AE4E2885ABCC0037782F /* DrinkCell.swift */; };
		408A3E2728B5084D00B0DF19 /* NetworkManagerTests.swift in Sources */ = {isa = PBXBuildFile; fileRef = 4089E8CC28A4F34000F52F84 /* NetworkManagerTests.swift */; };
		40B38C4528882781000AAB4B /* DrinkRecipeViewController.swift in Sources */ = {isa = PBXBuildFile; fileRef = 40B38C4428882780000AAB4B /* DrinkRecipeViewController.swift */; };
		40B38C47288827FE000AAB4B /* ImageCell.swift in Sources */ = {isa = PBXBuildFile; fileRef = 40B38C46288827FE000AAB4B /* ImageCell.swift */; };
		40B38C4928883C43000AAB4B /* IngredientCell.swift in Sources */ = {isa = PBXBuildFile; fileRef = 40B38C4828883C43000AAB4B /* IngredientCell.swift */; };
		40B38C4B28897B65000AAB4B /* FavoritesListViewController.swift in Sources */ = {isa = PBXBuildFile; fileRef = 40B38C4A28897B65000AAB4B /* FavoritesListViewController.swift */; };
		40C97C3828984FD2006EFB17 /* StorageManager.swift in Sources */ = {isa = PBXBuildFile; fileRef = 40C97C3728984FD2006EFB17 /* StorageManager.swift */; };
		9FE5C1C470B00E55E85CAEB8 /* Pods_CocktailAppV2.framework in Frameworks */ = {isa = PBXBuildFile; fileRef = AA77996CBCEFBD78130AF0DA /* Pods_CocktailAppV2.framework */; };
/* End PBXBuildFile section */

/* Begin PBXContainerItemProxy section */
		408A3E2228B502F600B0DF19 /* PBXContainerItemProxy */ = {
			isa = PBXContainerItemProxy;
			containerPortal = 40161FD2288020CB00172E7E /* Project object */;
			proxyType = 1;
			remoteGlobalIDString = 40161FD9288020CC00172E7E;
			remoteInfo = CocktailAppV2;
		};
/* End PBXContainerItemProxy section */

/* Begin PBXFileReference section */
		40161FDA288020CC00172E7E /* CocktailAppV2.app */ = {isa = PBXFileReference; explicitFileType = wrapper.application; includeInIndex = 0; path = CocktailAppV2.app; sourceTree = BUILT_PRODUCTS_DIR; };
		40161FDD288020CC00172E7E /* AppDelegate.swift */ = {isa = PBXFileReference; lastKnownFileType = sourcecode.swift; path = AppDelegate.swift; sourceTree = "<group>"; };
		40161FDF288020CC00172E7E /* SceneDelegate.swift */ = {isa = PBXFileReference; lastKnownFileType = sourcecode.swift; path = SceneDelegate.swift; sourceTree = "<group>"; };
		40161FE1288020CC00172E7E /* SearchViewController.swift */ = {isa = PBXFileReference; lastKnownFileType = sourcecode.swift; path = SearchViewController.swift; sourceTree = "<group>"; };
		40161FE4288020CC00172E7E /* Base */ = {isa = PBXFileReference; lastKnownFileType = file.storyboard; name = Base; path = Base.lproj/Main.storyboard; sourceTree = "<group>"; };
		40161FE6288020CE00172E7E /* Assets.xcassets */ = {isa = PBXFileReference; lastKnownFileType = folder.assetcatalog; path = Assets.xcassets; sourceTree = "<group>"; };
		40161FE9288020CE00172E7E /* Base */ = {isa = PBXFileReference; lastKnownFileType = file.storyboard; name = Base; path = Base.lproj/LaunchScreen.storyboard; sourceTree = "<group>"; };
		40161FEB288020CE00172E7E /* Info.plist */ = {isa = PBXFileReference; lastKnownFileType = text.plist.xml; path = Info.plist; sourceTree = "<group>"; };
		40161FF428806EB800172E7E /* Drink.swift */ = {isa = PBXFileReference; lastKnownFileType = sourcecode.swift; path = Drink.swift; sourceTree = "<group>"; };
		4016200A2880907B00172E7E /* DrinkListViewController.swift */ = {isa = PBXFileReference; lastKnownFileType = sourcecode.swift; path = DrinkListViewController.swift; sourceTree = "<group>"; };
		4016201628819D5F00172E7E /* NetworkManager.swift */ = {isa = PBXFileReference; lastKnownFileType = sourcecode.swift; path = NetworkManager.swift; sourceTree = "<group>"; };
		4050AE4E2885ABCC0037782F /* DrinkCell.swift */ = {isa = PBXFileReference; lastKnownFileType = sourcecode.swift; path = DrinkCell.swift; sourceTree = "<group>"; };
		4089E8CC28A4F34000F52F84 /* NetworkManagerTests.swift */ = {isa = PBXFileReference; lastKnownFileType = sourcecode.swift; path = NetworkManagerTests.swift; sourceTree = "<group>"; };
		408A3E1E28B502F600B0DF19 /* CocktailAppV2Tests.xctest */ = {isa = PBXFileReference; explicitFileType = wrapper.cfbundle; includeInIndex = 0; path = CocktailAppV2Tests.xctest; sourceTree = BUILT_PRODUCTS_DIR; };
		40B38C4428882780000AAB4B /* DrinkRecipeViewController.swift */ = {isa = PBXFileReference; lastKnownFileType = sourcecode.swift; path = DrinkRecipeViewController.swift; sourceTree = "<group>"; };
		40B38C46288827FE000AAB4B /* ImageCell.swift */ = {isa = PBXFileReference; lastKnownFileType = sourcecode.swift; path = ImageCell.swift; sourceTree = "<group>"; };
		40B38C4828883C43000AAB4B /* IngredientCell.swift */ = {isa = PBXFileReference; lastKnownFileType = sourcecode.swift; path = IngredientCell.swift; sourceTree = "<group>"; };
		40B38C4A28897B65000AAB4B /* FavoritesListViewController.swift */ = {isa = PBXFileReference; lastKnownFileType = sourcecode.swift; path = FavoritesListViewController.swift; sourceTree = "<group>"; };
		40C97C3728984FD2006EFB17 /* StorageManager.swift */ = {isa = PBXFileReference; lastKnownFileType = sourcecode.swift; path = StorageManager.swift; sourceTree = "<group>"; };
		AA77996CBCEFBD78130AF0DA /* Pods_CocktailAppV2.framework */ = {isa = PBXFileReference; explicitFileType = wrapper.framework; includeInIndex = 0; path = Pods_CocktailAppV2.framework; sourceTree = BUILT_PRODUCTS_DIR; };
		ADED88ED180F76247A348081 /* Pods-CocktailAppV2.release.xcconfig */ = {isa = PBXFileReference; includeInIndex = 1; lastKnownFileType = text.xcconfig; name = "Pods-CocktailAppV2.release.xcconfig"; path = "Target Support Files/Pods-CocktailAppV2/Pods-CocktailAppV2.release.xcconfig"; sourceTree = "<group>"; };
		FA28E216B6CB7653F7300C0D /* Pods-CocktailAppV2.debug.xcconfig */ = {isa = PBXFileReference; includeInIndex = 1; lastKnownFileType = text.xcconfig; name = "Pods-CocktailAppV2.debug.xcconfig"; path = "Target Support Files/Pods-CocktailAppV2/Pods-CocktailAppV2.debug.xcconfig"; sourceTree = "<group>"; };
/* End PBXFileReference section */

/* Begin PBXFrameworksBuildPhase section */
		40161FD7288020CC00172E7E /* Frameworks */ = {
			isa = PBXFrameworksBuildPhase;
			buildActionMask = 2147483647;
			files = (
				9FE5C1C470B00E55E85CAEB8 /* Pods_CocktailAppV2.framework in Frameworks */,
			);
			runOnlyForDeploymentPostprocessing = 0;
		};
		408A3E1B28B502F600B0DF19 /* Frameworks */ = {
			isa = PBXFrameworksBuildPhase;
			buildActionMask = 2147483647;
			files = (
			);
			runOnlyForDeploymentPostprocessing = 0;
		};
/* End PBXFrameworksBuildPhase section */

/* Begin PBXGroup section */
		40161FD1288020CB00172E7E = {
			isa = PBXGroup;
			children = (
				40161FDC288020CC00172E7E /* CocktailAppV2 */,
				4089E8CB28A4F34000F52F84 /* CocktailAppV2Tests */,
				40161FDB288020CC00172E7E /* Products */,
				AA7A05FBA420FD68925E1FD2 /* Pods */,
				C1DDFE985A2EE49D6BD0B7BF /* Frameworks */,
			);
			sourceTree = "<group>";
		};
		40161FDB288020CC00172E7E /* Products */ = {
			isa = PBXGroup;
			children = (
				40161FDA288020CC00172E7E /* CocktailAppV2.app */,
				408A3E1E28B502F600B0DF19 /* CocktailAppV2Tests.xctest */,
			);
			name = Products;
			sourceTree = "<group>";
		};
		40161FDC288020CC00172E7E /* CocktailAppV2 */ = {
			isa = PBXGroup;
			children = (
				40161FF628806EC500172E7E /* Model */,
				40161FF328806E7100172E7E /* ViewControllers */,
				4050AE502885AC060037782F /* Views */,
				401620192881A1D400172E7E /* Storyboards */,
				4016201A2881A1FF00172E7E /* Services */,
				401620182881A1BF00172E7E /* SupportingFiles */,
				4050AE4D288589E50037782F /* Sourse */,
				40161FEB288020CE00172E7E /* Info.plist */,
			);
			path = CocktailAppV2;
			sourceTree = "<group>";
		};
		40161FF328806E7100172E7E /* ViewControllers */ = {
			isa = PBXGroup;
			children = (
				40161FE1288020CC00172E7E /* SearchViewController.swift */,
				4016200A2880907B00172E7E /* DrinkListViewController.swift */,
				40B38C4428882780000AAB4B /* DrinkRecipeViewController.swift */,
				40B38C4A28897B65000AAB4B /* FavoritesListViewController.swift */,
			);
			path = ViewControllers;
			sourceTree = "<group>";
		};
		40161FF628806EC500172E7E /* Model */ = {
			isa = PBXGroup;
			children = (
				40161FF428806EB800172E7E /* Drink.swift */,
			);
			path = Model;
			sourceTree = "<group>";
		};
		401620182881A1BF00172E7E /* SupportingFiles */ = {
			isa = PBXGroup;
			children = (
				40161FDF288020CC00172E7E /* SceneDelegate.swift */,
				40161FDD288020CC00172E7E /* AppDelegate.swift */,
			);
			path = SupportingFiles;
			sourceTree = "<group>";
		};
		401620192881A1D400172E7E /* Storyboards */ = {
			isa = PBXGroup;
			children = (
				40161FE3288020CC00172E7E /* Main.storyboard */,
				40161FE8288020CE00172E7E /* LaunchScreen.storyboard */,
			);
			path = Storyboards;
			sourceTree = "<group>";
		};
		4016201A2881A1FF00172E7E /* Services */ = {
			isa = PBXGroup;
			children = (
				4016201628819D5F00172E7E /* NetworkManager.swift */,
				40C97C3728984FD2006EFB17 /* StorageManager.swift */,
			);
			path = Services;
			sourceTree = "<group>";
		};
		4050AE4D288589E50037782F /* Sourse */ = {
			isa = PBXGroup;
			children = (
				40161FE6288020CE00172E7E /* Assets.xcassets */,
			);
			path = Sourse;
			sourceTree = "<group>";
		};
		4050AE502885AC060037782F /* Views */ = {
			isa = PBXGroup;
			children = (
				4050AE4E2885ABCC0037782F /* DrinkCell.swift */,
				40B38C46288827FE000AAB4B /* ImageCell.swift */,
				40B38C4828883C43000AAB4B /* IngredientCell.swift */,
			);
			path = Views;
			sourceTree = "<group>";
		};
		4089E8CB28A4F34000F52F84 /* CocktailAppV2Tests */ = {
			isa = PBXGroup;
			children = (
				4089E8CC28A4F34000F52F84 /* NetworkManagerTests.swift */,
			);
			path = CocktailAppV2Tests;
			sourceTree = "<group>";
		};
		AA7A05FBA420FD68925E1FD2 /* Pods */ = {
			isa = PBXGroup;
			children = (
				FA28E216B6CB7653F7300C0D /* Pods-CocktailAppV2.debug.xcconfig */,
				ADED88ED180F76247A348081 /* Pods-CocktailAppV2.release.xcconfig */,
			);
			path = Pods;
			sourceTree = "<group>";
		};
		C1DDFE985A2EE49D6BD0B7BF /* Frameworks */ = {
			isa = PBXGroup;
			children = (
				AA77996CBCEFBD78130AF0DA /* Pods_CocktailAppV2.framework */,
			);
			name = Frameworks;
			sourceTree = "<group>";
		};
/* End PBXGroup section */

/* Begin PBXNativeTarget section */
		40161FD9288020CC00172E7E /* CocktailAppV2 */ = {
			isa = PBXNativeTarget;
			buildConfigurationList = 40161FEE288020CE00172E7E /* Build configuration list for PBXNativeTarget "CocktailAppV2" */;
			buildPhases = (
				1C7F1512B1B9034BC62E2096 /* [CP] Check Pods Manifest.lock */,
				40161FD6288020CC00172E7E /* Sources */,
				40161FD7288020CC00172E7E /* Frameworks */,
				40161FD8288020CC00172E7E /* Resources */,
				1016725B8530F8CD43726732 /* [CP] Embed Pods Frameworks */,
			);
			buildRules = (
			);
			dependencies = (
			);
			name = CocktailAppV2;
			productName = CocktailAppV2;
			productReference = 40161FDA288020CC00172E7E /* CocktailAppV2.app */;
			productType = "com.apple.product-type.application";
		};
		408A3E1D28B502F600B0DF19 /* CocktailAppV2Tests */ = {
			isa = PBXNativeTarget;
			buildConfigurationList = 408A3E2628B502F600B0DF19 /* Build configuration list for PBXNativeTarget "CocktailAppV2Tests" */;
			buildPhases = (
				408A3E1A28B502F600B0DF19 /* Sources */,
				408A3E1B28B502F600B0DF19 /* Frameworks */,
				408A3E1C28B502F600B0DF19 /* Resources */,
			);
			buildRules = (
			);
			dependencies = (
				408A3E2328B502F600B0DF19 /* PBXTargetDependency */,
			);
			name = CocktailAppV2Tests;
			productName = CocktailAppV2Tests;
			productReference = 408A3E1E28B502F600B0DF19 /* CocktailAppV2Tests.xctest */;
			productType = "com.apple.product-type.bundle.unit-test";
		};
/* End PBXNativeTarget section */

/* Begin PBXProject section */
		40161FD2288020CB00172E7E /* Project object */ = {
			isa = PBXProject;
			attributes = {
				BuildIndependentTargetsInParallel = 1;
				LastSwiftUpdateCheck = 1300;
				LastUpgradeCheck = 1300;
				TargetAttributes = {
					40161FD9288020CC00172E7E = {
						CreatedOnToolsVersion = 13.0;
					};
					408A3E1D28B502F600B0DF19 = {
						CreatedOnToolsVersion = 13.0;
						TestTargetID = 40161FD9288020CC00172E7E;
					};
				};
			};
			buildConfigurationList = 40161FD5288020CB00172E7E /* Build configuration list for PBXProject "CocktailAppV2" */;
			compatibilityVersion = "Xcode 13.0";
			developmentRegion = en;
			hasScannedForEncodings = 0;
			knownRegions = (
				en,
				Base,
			);
			mainGroup = 40161FD1288020CB00172E7E;
			productRefGroup = 40161FDB288020CC00172E7E /* Products */;
			projectDirPath = "";
			projectRoot = "";
			targets = (
				40161FD9288020CC00172E7E /* CocktailAppV2 */,
				408A3E1D28B502F600B0DF19 /* CocktailAppV2Tests */,
			);
		};
/* End PBXProject section */

/* Begin PBXResourcesBuildPhase section */
		40161FD8288020CC00172E7E /* Resources */ = {
			isa = PBXResourcesBuildPhase;
			buildActionMask = 2147483647;
			files = (
				40161FEA288020CE00172E7E /* LaunchScreen.storyboard in Resources */,
				40161FE7288020CE00172E7E /* Assets.xcassets in Resources */,
				40161FE5288020CC00172E7E /* Main.storyboard in Resources */,
			);
			runOnlyForDeploymentPostprocessing = 0;
		};
		408A3E1C28B502F600B0DF19 /* Resources */ = {
			isa = PBXResourcesBuildPhase;
			buildActionMask = 2147483647;
			files = (
			);
			runOnlyForDeploymentPostprocessing = 0;
		};
/* End PBXResourcesBuildPhase section */

/* Begin PBXShellScriptBuildPhase section */
		1016725B8530F8CD43726732 /* [CP] Embed Pods Frameworks */ = {
			isa = PBXShellScriptBuildPhase;
			buildActionMask = 2147483647;
			files = (
			);
			inputFileListPaths = (
				"${PODS_ROOT}/Target Support Files/Pods-CocktailAppV2/Pods-CocktailAppV2-frameworks-${CONFIGURATION}-input-files.xcfilelist",
			);
			name = "[CP] Embed Pods Frameworks";
			outputFileListPaths = (
				"${PODS_ROOT}/Target Support Files/Pods-CocktailAppV2/Pods-CocktailAppV2-frameworks-${CONFIGURATION}-output-files.xcfilelist",
			);
			runOnlyForDeploymentPostprocessing = 0;
			shellPath = /bin/sh;
			shellScript = "\"${PODS_ROOT}/Target Support Files/Pods-CocktailAppV2/Pods-CocktailAppV2-frameworks.sh\"\n";
			showEnvVarsInLog = 0;
		};
		1C7F1512B1B9034BC62E2096 /* [CP] Check Pods Manifest.lock */ = {
			isa = PBXShellScriptBuildPhase;
			buildActionMask = 2147483647;
			files = (
			);
			inputFileListPaths = (
			);
			inputPaths = (
				"${PODS_PODFILE_DIR_PATH}/Podfile.lock",
				"${PODS_ROOT}/Manifest.lock",
			);
			name = "[CP] Check Pods Manifest.lock";
			outputFileListPaths = (
			);
			outputPaths = (
				"$(DERIVED_FILE_DIR)/Pods-CocktailAppV2-checkManifestLockResult.txt",
			);
			runOnlyForDeploymentPostprocessing = 0;
			shellPath = /bin/sh;
			shellScript = "diff \"${PODS_PODFILE_DIR_PATH}/Podfile.lock\" \"${PODS_ROOT}/Manifest.lock\" > /dev/null\nif [ $? != 0 ] ; then\n    # print error to STDERR\n    echo \"error: The sandbox is not in sync with the Podfile.lock. Run 'pod install' or update your CocoaPods installation.\" >&2\n    exit 1\nfi\n# This output is used by Xcode 'outputs' to avoid re-running this script phase.\necho \"SUCCESS\" > \"${SCRIPT_OUTPUT_FILE_0}\"\n";
			showEnvVarsInLog = 0;
		};
/* End PBXShellScriptBuildPhase section */

/* Begin PBXSourcesBuildPhase section */
		40161FD6288020CC00172E7E /* Sources */ = {
			isa = PBXSourcesBuildPhase;
			buildActionMask = 2147483647;
			files = (
				4016200B2880907B00172E7E /* DrinkListViewController.swift in Sources */,
				4050AE4F2885ABCC0037782F /* DrinkCell.swift in Sources */,
				40161FE2288020CC00172E7E /* SearchViewController.swift in Sources */,
				40C97C3828984FD2006EFB17 /* StorageManager.swift in Sources */,
				40B38C4B28897B65000AAB4B /* FavoritesListViewController.swift in Sources */,
				40B38C4528882781000AAB4B /* DrinkRecipeViewController.swift in Sources */,
				4016201728819D5F00172E7E /* NetworkManager.swift in Sources */,
				40161FDE288020CC00172E7E /* AppDelegate.swift in Sources */,
				40161FE0288020CC00172E7E /* SceneDelegate.swift in Sources */,
				40161FF528806EB800172E7E /* Drink.swift in Sources */,
				40B38C4928883C43000AAB4B /* IngredientCell.swift in Sources */,
				40B38C47288827FE000AAB4B /* ImageCell.swift in Sources */,
			);
			runOnlyForDeploymentPostprocessing = 0;
		};
		408A3E1A28B502F600B0DF19 /* Sources */ = {
			isa = PBXSourcesBuildPhase;
			buildActionMask = 2147483647;
			files = (
				408A3E2728B5084D00B0DF19 /* NetworkManagerTests.swift in Sources */,
			);
			runOnlyForDeploymentPostprocessing = 0;
		};
/* End PBXSourcesBuildPhase section */

/* Begin PBXTargetDependency section */
		408A3E2328B502F600B0DF19 /* PBXTargetDependency */ = {
			isa = PBXTargetDependency;
			target = 40161FD9288020CC00172E7E /* CocktailAppV2 */;
			targetProxy = 408A3E2228B502F600B0DF19 /* PBXContainerItemProxy */;
		};
/* End PBXTargetDependency section */

/* Begin PBXVariantGroup section */
		40161FE3288020CC00172E7E /* Main.storyboard */ = {
			isa = PBXVariantGroup;
			children = (
				40161FE4288020CC00172E7E /* Base */,
			);
			name = Main.storyboard;
			sourceTree = "<group>";
		};
		40161FE8288020CE00172E7E /* LaunchScreen.storyboard */ = {
			isa = PBXVariantGroup;
			children = (
				40161FE9288020CE00172E7E /* Base */,
			);
			name = LaunchScreen.storyboard;
			sourceTree = "<group>";
		};
/* End PBXVariantGroup section */

/* Begin XCBuildConfiguration section */
		40161FEC288020CE00172E7E /* Debug */ = {
			isa = XCBuildConfiguration;
			buildSettings = {
				ALWAYS_SEARCH_USER_PATHS = NO;
				CLANG_ANALYZER_NONNULL = YES;
				CLANG_ANALYZER_NUMBER_OBJECT_CONVERSION = YES_AGGRESSIVE;
				CLANG_CXX_LANGUAGE_STANDARD = "gnu++17";
				CLANG_CXX_LIBRARY = "libc++";
				CLANG_ENABLE_MODULES = YES;
				CLANG_ENABLE_OBJC_ARC = YES;
				CLANG_ENABLE_OBJC_WEAK = YES;
				CLANG_WARN_BLOCK_CAPTURE_AUTORELEASING = YES;
				CLANG_WARN_BOOL_CONVERSION = YES;
				CLANG_WARN_COMMA = YES;
				CLANG_WARN_CONSTANT_CONVERSION = YES;
				CLANG_WARN_DEPRECATED_OBJC_IMPLEMENTATIONS = YES;
				CLANG_WARN_DIRECT_OBJC_ISA_USAGE = YES_ERROR;
				CLANG_WARN_DOCUMENTATION_COMMENTS = YES;
				CLANG_WARN_EMPTY_BODY = YES;
				CLANG_WARN_ENUM_CONVERSION = YES;
				CLANG_WARN_INFINITE_RECURSION = YES;
				CLANG_WARN_INT_CONVERSION = YES;
				CLANG_WARN_NON_LITERAL_NULL_CONVERSION = YES;
				CLANG_WARN_OBJC_IMPLICIT_RETAIN_SELF = YES;
				CLANG_WARN_OBJC_LITERAL_CONVERSION = YES;
				CLANG_WARN_OBJC_ROOT_CLASS = YES_ERROR;
				CLANG_WARN_QUOTED_INCLUDE_IN_FRAMEWORK_HEADER = YES;
				CLANG_WARN_RANGE_LOOP_ANALYSIS = YES;
				CLANG_WARN_STRICT_PROTOTYPES = YES;
				CLANG_WARN_SUSPICIOUS_MOVE = YES;
				CLANG_WARN_UNGUARDED_AVAILABILITY = YES_AGGRESSIVE;
				CLANG_WARN_UNREACHABLE_CODE = YES;
				CLANG_WARN__DUPLICATE_METHOD_MATCH = YES;
				COPY_PHASE_STRIP = NO;
				DEBUG_INFORMATION_FORMAT = dwarf;
				ENABLE_STRICT_OBJC_MSGSEND = YES;
				ENABLE_TESTABILITY = YES;
				GCC_C_LANGUAGE_STANDARD = gnu11;
				GCC_DYNAMIC_NO_PIC = NO;
				GCC_NO_COMMON_BLOCKS = YES;
				GCC_OPTIMIZATION_LEVEL = 0;
				GCC_PREPROCESSOR_DEFINITIONS = (
					"DEBUG=1",
					"$(inherited)",
				);
				GCC_WARN_64_TO_32_BIT_CONVERSION = YES;
				GCC_WARN_ABOUT_RETURN_TYPE = YES_ERROR;
				GCC_WARN_UNDECLARED_SELECTOR = YES;
				GCC_WARN_UNINITIALIZED_AUTOS = YES_AGGRESSIVE;
				GCC_WARN_UNUSED_FUNCTION = YES;
				GCC_WARN_UNUSED_VARIABLE = YES;
				IPHONEOS_DEPLOYMENT_TARGET = 15.0;
				MTL_ENABLE_DEBUG_INFO = INCLUDE_SOURCE;
				MTL_FAST_MATH = YES;
				ONLY_ACTIVE_ARCH = YES;
				SDKROOT = iphoneos;
				SWIFT_ACTIVE_COMPILATION_CONDITIONS = DEBUG;
				SWIFT_OPTIMIZATION_LEVEL = "-Onone";
			};
			name = Debug;
		};
		40161FED288020CE00172E7E /* Release */ = {
			isa = XCBuildConfiguration;
			buildSettings = {
				ALWAYS_SEARCH_USER_PATHS = NO;
				CLANG_ANALYZER_NONNULL = YES;
				CLANG_ANALYZER_NUMBER_OBJECT_CONVERSION = YES_AGGRESSIVE;
				CLANG_CXX_LANGUAGE_STANDARD = "gnu++17";
				CLANG_CXX_LIBRARY = "libc++";
				CLANG_ENABLE_MODULES = YES;
				CLANG_ENABLE_OBJC_ARC = YES;
				CLANG_ENABLE_OBJC_WEAK = YES;
				CLANG_WARN_BLOCK_CAPTURE_AUTORELEASING = YES;
				CLANG_WARN_BOOL_CONVERSION = YES;
				CLANG_WARN_COMMA = YES;
				CLANG_WARN_CONSTANT_CONVERSION = YES;
				CLANG_WARN_DEPRECATED_OBJC_IMPLEMENTATIONS = YES;
				CLANG_WARN_DIRECT_OBJC_ISA_USAGE = YES_ERROR;
				CLANG_WARN_DOCUMENTATION_COMMENTS = YES;
				CLANG_WARN_EMPTY_BODY = YES;
				CLANG_WARN_ENUM_CONVERSION = YES;
				CLANG_WARN_INFINITE_RECURSION = YES;
				CLANG_WARN_INT_CONVERSION = YES;
				CLANG_WARN_NON_LITERAL_NULL_CONVERSION = YES;
				CLANG_WARN_OBJC_IMPLICIT_RETAIN_SELF = YES;
				CLANG_WARN_OBJC_LITERAL_CONVERSION = YES;
				CLANG_WARN_OBJC_ROOT_CLASS = YES_ERROR;
				CLANG_WARN_QUOTED_INCLUDE_IN_FRAMEWORK_HEADER = YES;
				CLANG_WARN_RANGE_LOOP_ANALYSIS = YES;
				CLANG_WARN_STRICT_PROTOTYPES = YES;
				CLANG_WARN_SUSPICIOUS_MOVE = YES;
				CLANG_WARN_UNGUARDED_AVAILABILITY = YES_AGGRESSIVE;
				CLANG_WARN_UNREACHABLE_CODE = YES;
				CLANG_WARN__DUPLICATE_METHOD_MATCH = YES;
				COPY_PHASE_STRIP = NO;
				DEBUG_INFORMATION_FORMAT = "dwarf-with-dsym";
				ENABLE_NS_ASSERTIONS = NO;
				ENABLE_STRICT_OBJC_MSGSEND = YES;
				GCC_C_LANGUAGE_STANDARD = gnu11;
				GCC_NO_COMMON_BLOCKS = YES;
				GCC_WARN_64_TO_32_BIT_CONVERSION = YES;
				GCC_WARN_ABOUT_RETURN_TYPE = YES_ERROR;
				GCC_WARN_UNDECLARED_SELECTOR = YES;
				GCC_WARN_UNINITIALIZED_AUTOS = YES_AGGRESSIVE;
				GCC_WARN_UNUSED_FUNCTION = YES;
				GCC_WARN_UNUSED_VARIABLE = YES;
				IPHONEOS_DEPLOYMENT_TARGET = 15.0;
				MTL_ENABLE_DEBUG_INFO = NO;
				MTL_FAST_MATH = YES;
				SDKROOT = iphoneos;
				SWIFT_COMPILATION_MODE = wholemodule;
				SWIFT_OPTIMIZATION_LEVEL = "-O";
				VALIDATE_PRODUCT = YES;
			};
			name = Release;
		};
		40161FEF288020CE00172E7E /* Debug */ = {
			isa = XCBuildConfiguration;
			baseConfigurationReference = FA28E216B6CB7653F7300C0D /* Pods-CocktailAppV2.debug.xcconfig */;
			buildSettings = {
				ASSETCATALOG_COMPILER_APPICON_NAME = AppIcon;
				ASSETCATALOG_COMPILER_GLOBAL_ACCENT_COLOR_NAME = AccentColor;
				CODE_SIGN_STYLE = Automatic;
				CURRENT_PROJECT_VERSION = 1;
				DEVELOPMENT_TEAM = 4R74NDZ36U;
				GENERATE_INFOPLIST_FILE = YES;
				INFOPLIST_FILE = CocktailAppV2/Info.plist;
				INFOPLIST_KEY_CFBundleDisplayName = Cocktails;
				INFOPLIST_KEY_UIApplicationSupportsIndirectInputEvents = YES;
				INFOPLIST_KEY_UILaunchStoryboardName = LaunchScreen;
				INFOPLIST_KEY_UIMainStoryboardFile = Main;
				INFOPLIST_KEY_UISupportedInterfaceOrientations = UIInterfaceOrientationPortrait;
				INFOPLIST_KEY_UISupportedInterfaceOrientations_iPad = "UIInterfaceOrientationPortrait UIInterfaceOrientationPortraitUpsideDown UIInterfaceOrientationLandscapeLeft UIInterfaceOrientationLandscapeRight";
				INFOPLIST_KEY_UISupportedInterfaceOrientations_iPhone = "UIInterfaceOrientationPortrait UIInterfaceOrientationLandscapeLeft UIInterfaceOrientationLandscapeRight";
				IPHONEOS_DEPLOYMENT_TARGET = 14.0;
				LD_RUNPATH_SEARCH_PATHS = (
					"$(inherited)",
					"@executable_path/Frameworks",
				);
				MARKETING_VERSION = 1.0;
				PRODUCT_BUNDLE_IDENTIFIER = com.ggg.ggg.CocktailAppV2;
				PRODUCT_NAME = "$(TARGET_NAME)";
				SWIFT_EMIT_LOC_STRINGS = YES;
				SWIFT_VERSION = 5.0;
				TARGETED_DEVICE_FAMILY = 1;
			};
			name = Debug;
		};
		40161FF0288020CE00172E7E /* Release */ = {
			isa = XCBuildConfiguration;
			baseConfigurationReference = ADED88ED180F76247A348081 /* Pods-CocktailAppV2.release.xcconfig */;
			buildSettings = {
				ASSETCATALOG_COMPILER_APPICON_NAME = AppIcon;
				ASSETCATALOG_COMPILER_GLOBAL_ACCENT_COLOR_NAME = AccentColor;
				CODE_SIGN_STYLE = Automatic;
				CURRENT_PROJECT_VERSION = 1;
				DEVELOPMENT_TEAM = 4R74NDZ36U;
				GENERATE_INFOPLIST_FILE = YES;
				INFOPLIST_FILE = CocktailAppV2/Info.plist;
				INFOPLIST_KEY_CFBundleDisplayName = Cocktails;
				INFOPLIST_KEY_UIApplicationSupportsIndirectInputEvents = YES;
				INFOPLIST_KEY_UILaunchStoryboardName = LaunchScreen;
				INFOPLIST_KEY_UIMainStoryboardFile = Main;
				INFOPLIST_KEY_UISupportedInterfaceOrientations = UIInterfaceOrientationPortrait;
				INFOPLIST_KEY_UISupportedInterfaceOrientations_iPad = "UIInterfaceOrientationPortrait UIInterfaceOrientationPortraitUpsideDown UIInterfaceOrientationLandscapeLeft UIInterfaceOrientationLandscapeRight";
				INFOPLIST_KEY_UISupportedInterfaceOrientations_iPhone = "UIInterfaceOrientationPortrait UIInterfaceOrientationLandscapeLeft UIInterfaceOrientationLandscapeRight";
				IPHONEOS_DEPLOYMENT_TARGET = 14.0;
				LD_RUNPATH_SEARCH_PATHS = (
					"$(inherited)",
					"@executable_path/Frameworks",
				);
				MARKETING_VERSION = 1.0;
				PRODUCT_BUNDLE_IDENTIFIER = com.ggg.ggg.CocktailAppV2;
				PRODUCT_NAME = "$(TARGET_NAME)";
				SWIFT_EMIT_LOC_STRINGS = YES;
				SWIFT_VERSION = 5.0;
				TARGETED_DEVICE_FAMILY = 1;
			};
			name = Release;
		};
		408A3E2428B502F600B0DF19 /* Debug */ = {
			isa = XCBuildConfiguration;
			buildSettings = {
				BUNDLE_LOADER = "$(TEST_HOST)";
				CODE_SIGN_STYLE = Automatic;
				CURRENT_PROJECT_VERSION = 1;
				DEVELOPMENT_TEAM = 4R74NDZ36U;
				GENERATE_INFOPLIST_FILE = YES;
				LD_RUNPATH_SEARCH_PATHS = (
					"$(inherited)",
					"@executable_path/Frameworks",
					"@loader_path/Frameworks",
				);
				MARKETING_VERSION = 1.0;
				PRODUCT_BUNDLE_IDENTIFIER = com.ggg.gggfsdfsdf.CocktailAppV2Tests;
				PRODUCT_NAME = "$(TARGET_NAME)";
				SWIFT_EMIT_LOC_STRINGS = NO;
				SWIFT_VERSION = 5.0;
				TARGETED_DEVICE_FAMILY = "1,2";
				TEST_HOST = "$(BUILT_PRODUCTS_DIR)/CocktailAppV2.app/CocktailAppV2";
			};
			name = Debug;
		};
		408A3E2528B502F600B0DF19 /* Release */ = {
			isa = XCBuildConfiguration;
			buildSettings = {
				BUNDLE_LOADER = "$(TEST_HOST)";
				CODE_SIGN_STYLE = Automatic;
				CURRENT_PROJECT_VERSION = 1;
				DEVELOPMENT_TEAM = 4R74NDZ36U;
				GENERATE_INFOPLIST_FILE = YES;
				LD_RUNPATH_SEARCH_PATHS = (
					"$(inherited)",
					"@executable_path/Frameworks",
					"@loader_path/Frameworks",
				);
				MARKETING_VERSION = 1.0;
				PRODUCT_BUNDLE_IDENTIFIER = com.ggg.gggfsdfsdf.CocktailAppV2Tests;
				PRODUCT_NAME = "$(TARGET_NAME)";
				SWIFT_EMIT_LOC_STRINGS = NO;
				SWIFT_VERSION = 5.0;
				TARGETED_DEVICE_FAMILY = "1,2";
				TEST_HOST = "$(BUILT_PRODUCTS_DIR)/CocktailAppV2.app/CocktailAppV2";
			};
			name = Release;
		};
/* End XCBuildConfiguration section */

/* Begin XCConfigurationList section */
		40161FD5288020CB00172E7E /* Build configuration list for PBXProject "CocktailAppV2" */ = {
			isa = XCConfigurationList;
			buildConfigurations = (
				40161FEC288020CE00172E7E /* Debug */,
				40161FED288020CE00172E7E /* Release */,
			);
			defaultConfigurationIsVisible = 0;
			defaultConfigurationName = Release;
		};
		40161FEE288020CE00172E7E /* Build configuration list for PBXNativeTarget "CocktailAppV2" */ = {
			isa = XCConfigurationList;
			buildConfigurations = (
				40161FEF288020CE00172E7E /* Debug */,
				40161FF0288020CE00172E7E /* Release */,
			);
			defaultConfigurationIsVisible = 0;
			defaultConfigurationName = Release;
		};
		408A3E2628B502F600B0DF19 /* Build configuration list for PBXNativeTarget "CocktailAppV2Tests" */ = {
			isa = XCConfigurationList;
			buildConfigurations = (
				408A3E2428B502F600B0DF19 /* Debug */,
				408A3E2528B502F600B0DF19 /* Release */,
			);
			defaultConfigurationIsVisible = 0;
			defaultConfigurationName = Release;
		};
/* End XCConfigurationList section */
	};
	rootObject = 40161FD2288020CB00172E7E /* Project object */;
}
